// !$*UTF8*$!
{
	archiveVersion = 1;
	classes = {
	};
	objectVersion = 50;
	objects = {

/* Begin PBXBuildFile section */
		97038A2025FFEC94007AC015 /* ft_write.s in Sources */ = {isa = PBXBuildFile; fileRef = 97038A1F25FFEC94007AC015 /* ft_write.s */; };
		97A1B5F025FFA99200B58F11 /* main.c in Sources */ = {isa = PBXBuildFile; fileRef = 97A1B5EF25FFA99200B58F11 /* main.c */; };
		97A1B5F725FFAA1700B58F11 /* ft_putchar.s in Sources */ = {isa = PBXBuildFile; fileRef = 97A1B5F625FFAA1700B58F11 /* ft_putchar.s */; };
		97A1B5FA25FFAC0400B58F11 /* ft_putstr.s in Sources */ = {isa = PBXBuildFile; fileRef = 97A1B5F925FFAC0400B58F11 /* ft_putstr.s */; };
		97A1B5FC25FFB25800B58F11 /* ft_strlen.s in Sources */ = {isa = PBXBuildFile; fileRef = 97A1B5FB25FFB25800B58F11 /* ft_strlen.s */; };
		97ABD73F26012A2000493C6D /* ft_read.s in Sources */ = {isa = PBXBuildFile; fileRef = 97ABD73E26012A2000493C6D /* ft_read.s */; };
		97ABD7422601304200493C6D /* ft_strcmp.s in Sources */ = {isa = PBXBuildFile; fileRef = 97ABD7412601304200493C6D /* ft_strcmp.s */; };
/* End PBXBuildFile section */

/* Begin PBXBuildRule section */
		97A1B5F825FFAB3700B58F11 /* PBXBuildRule */ = {
			isa = PBXBuildRule;
			compilerSpec = com.apple.compilers.proxy.script;
			fileType = sourcecode.nasm;
			inputFiles = (
			);
			isEditable = 1;
			outputFiles = (
				"$(DERIVED_FILE_DIR)/${INPUT_FILE_BASE}.o",
			);
			script = "/usr/local/bin/nasm -f macho64 ${INPUT_FILE_PATH} -o ${SCRIPT_OUTPUT_FILE_0}\n";
		};
/* End PBXBuildRule section */

/* Begin PBXCopyFilesBuildPhase section */
		97A1B5EA25FFA99200B58F11 /* CopyFiles */ = {
			isa = PBXCopyFilesBuildPhase;
			buildActionMask = 2147483647;
			dstPath = /usr/share/man/man1/;
			dstSubfolderSpec = 0;
			files = (
			);
			runOnlyForDeploymentPostprocessing = 1;
		};
/* End PBXCopyFilesBuildPhase section */

/* Begin PBXFileReference section */
		97038A1F25FFEC94007AC015 /* ft_write.s */ = {isa = PBXFileReference; explicitFileType = sourcecode.nasm; path = ft_write.s; sourceTree = "<group>"; };
		97A1B5EC25FFA99200B58F11 /* libasm */ = {isa = PBXFileReference; explicitFileType = "compiled.mach-o.executable"; includeInIndex = 0; path = libasm; sourceTree = BUILT_PRODUCTS_DIR; };
		97A1B5EF25FFA99200B58F11 /* main.c */ = {isa = PBXFileReference; lastKnownFileType = sourcecode.c.c; path = main.c; sourceTree = "<group>"; };
		97A1B5F625FFAA1700B58F11 /* ft_putchar.s */ = {isa = PBXFileReference; explicitFileType = sourcecode.nasm; path = ft_putchar.s; sourceTree = "<group>"; };
		97A1B5F925FFAC0400B58F11 /* ft_putstr.s */ = {isa = PBXFileReference; explicitFileType = sourcecode.nasm; fileEncoding = 4; path = ft_putstr.s; sourceTree = "<group>"; };
		97A1B5FB25FFB25800B58F11 /* ft_strlen.s */ = {isa = PBXFileReference; explicitFileType = sourcecode.nasm; path = ft_strlen.s; sourceTree = "<group>"; };
		97ABD73E26012A2000493C6D /* ft_read.s */ = {isa = PBXFileReference; explicitFileType = sourcecode.nasm; path = ft_read.s; sourceTree = "<group>"; };
		97ABD74026012F4100493C6D /* test.txt */ = {isa = PBXFileReference; lastKnownFileType = text; path = test.txt; sourceTree = "<group>"; };
		97ABD7412601304200493C6D /* ft_strcmp.s */ = {isa = PBXFileReference; explicitFileType = sourcecode.nasm; path = ft_strcmp.s; sourceTree = "<group>"; };
/* End PBXFileReference section */

/* Begin PBXFrameworksBuildPhase section */
		97A1B5E925FFA99200B58F11 /* Frameworks */ = {
			isa = PBXFrameworksBuildPhase;
			buildActionMask = 2147483647;
			files = (
			);
			runOnlyForDeploymentPostprocessing = 0;
		};
/* End PBXFrameworksBuildPhase section */

/* Begin PBXGroup section */
		97A1B5E325FFA99200B58F11 = {
			isa = PBXGroup;
			children = (
				97A1B5EE25FFA99200B58F11 /* libasm */,
				97A1B5ED25FFA99200B58F11 /* Products */,
			);
			sourceTree = "<group>";
		};
		97A1B5ED25FFA99200B58F11 /* Products */ = {
			isa = PBXGroup;
			children = (
				97A1B5EC25FFA99200B58F11 /* libasm */,
			);
			name = Products;
			sourceTree = "<group>";
		};
		97A1B5EE25FFA99200B58F11 /* libasm */ = {
			isa = PBXGroup;
			children = (
				97A1B5EF25FFA99200B58F11 /* main.c */,
				97ABD74026012F4100493C6D /* test.txt */,
				97ABD73E26012A2000493C6D /* ft_read.s */,
				97A1B5F625FFAA1700B58F11 /* ft_putchar.s */,
				97A1B5FB25FFB25800B58F11 /* ft_strlen.s */,
				97A1B5F925FFAC0400B58F11 /* ft_putstr.s */,
				97038A1F25FFEC94007AC015 /* ft_write.s */,
				97ABD7412601304200493C6D /* ft_strcmp.s */,
			);
			path = libasm;
			sourceTree = "<group>";
		};
/* End PBXGroup section */

/* Begin PBXNativeTarget section */
		97A1B5EB25FFA99200B58F11 /* libasm */ = {
			isa = PBXNativeTarget;
			buildConfigurationList = 97A1B5F325FFA99200B58F11 /* Build configuration list for PBXNativeTarget "libasm" */;
			buildPhases = (
				97A1B5E825FFA99200B58F11 /* Sources */,
				97A1B5E925FFA99200B58F11 /* Frameworks */,
				97A1B5EA25FFA99200B58F11 /* CopyFiles */,
			);
			buildRules = (
				97A1B5F825FFAB3700B58F11 /* PBXBuildRule */,
			);
			dependencies = (
			);
			name = libasm;
			productName = libasm;
			productReference = 97A1B5EC25FFA99200B58F11 /* libasm */;
			productType = "com.apple.product-type.tool";
		};
/* End PBXNativeTarget section */

/* Begin PBXProject section */
		97A1B5E425FFA99200B58F11 /* Project object */ = {
			isa = PBXProject;
			attributes = {
				LastUpgradeCheck = 1130;
				ORGANIZATIONNAME = 21school;
				TargetAttributes = {
					97A1B5EB25FFA99200B58F11 = {
						CreatedOnToolsVersion = 11.3.1;
					};
				};
			};
			buildConfigurationList = 97A1B5E725FFA99200B58F11 /* Build configuration list for PBXProject "libasm" */;
			compatibilityVersion = "Xcode 9.3";
			developmentRegion = en;
			hasScannedForEncodings = 0;
			knownRegions = (
				en,
				Base,
			);
			mainGroup = 97A1B5E325FFA99200B58F11;
			productRefGroup = 97A1B5ED25FFA99200B58F11 /* Products */;
			projectDirPath = "";
			projectRoot = "";
			targets = (
				97A1B5EB25FFA99200B58F11 /* libasm */,
			);
		};
/* End PBXProject section */

/* Begin PBXSourcesBuildPhase section */
		97A1B5E825FFA99200B58F11 /* Sources */ = {
			isa = PBXSourcesBuildPhase;
			buildActionMask = 2147483647;
			files = (
				97A1B5F025FFA99200B58F11 /* main.c in Sources */,
				97A1B5FA25FFAC0400B58F11 /* ft_putstr.s in Sources */,
				97A1B5F725FFAA1700B58F11 /* ft_putchar.s in Sources */,
				97038A2025FFEC94007AC015 /* ft_write.s in Sources */,
				97ABD7422601304200493C6D /* ft_strcmp.s in Sources */,
				97A1B5FC25FFB25800B58F11 /* ft_strlen.s in Sources */,
				97ABD73F26012A2000493C6D /* ft_read.s in Sources */,
			);
			runOnlyForDeploymentPostprocessing = 0;
		};
/* End PBXSourcesBuildPhase section */

/* Begin XCBuildConfiguration section */
		97A1B5F125FFA99200B58F11 /* Debug */ = {
			isa = XCBuildConfiguration;
			buildSettings = {
				ALWAYS_SEARCH_USER_PATHS = NO;
				CLANG_ANALYZER_NONNULL = YES;
				CLANG_ANALYZER_NUMBER_OBJECT_CONVERSION = YES_AGGRESSIVE;
				CLANG_CXX_LANGUAGE_STANDARD = "gnu++14";
				CLANG_CXX_LIBRARY = "libc++";
				CLANG_ENABLE_MODULES = YES;
				CLANG_ENABLE_OBJC_ARC = YES;
				CLANG_ENABLE_OBJC_WEAK = YES;
				CLANG_WARN_BLOCK_CAPTURE_AUTORELEASING = YES;
				CLANG_WARN_BOOL_CONVERSION = YES;
				CLANG_WARN_COMMA = YES;
				CLANG_WARN_CONSTANT_CONVERSION = YES;
				CLANG_WARN_DEPRECATED_OBJC_IMPLEMENTATIONS = YES;
				CLANG_WARN_DIRECT_OBJC_ISA_USAGE = YES_ERROR;
				CLANG_WARN_DOCUMENTATION_COMMENTS = YES;
				CLANG_WARN_EMPTY_BODY = YES;
				CLANG_WARN_ENUM_CONVERSION = YES;
				CLANG_WARN_INFINITE_RECURSION = YES;
				CLANG_WARN_INT_CONVERSION = YES;
				CLANG_WARN_NON_LITERAL_NULL_CONVERSION = YES;
				CLANG_WARN_OBJC_IMPLICIT_RETAIN_SELF = YES;
				CLANG_WARN_OBJC_LITERAL_CONVERSION = YES;
				CLANG_WARN_OBJC_ROOT_CLASS = YES_ERROR;
				CLANG_WARN_RANGE_LOOP_ANALYSIS = YES;
				CLANG_WARN_STRICT_PROTOTYPES = YES;
				CLANG_WARN_SUSPICIOUS_MOVE = YES;
				CLANG_WARN_UNGUARDED_AVAILABILITY = YES_AGGRESSIVE;
				CLANG_WARN_UNREACHABLE_CODE = YES;
				CLANG_WARN__DUPLICATE_METHOD_MATCH = YES;
				COPY_PHASE_STRIP = NO;
				DEBUG_INFORMATION_FORMAT = dwarf;
				ENABLE_STRICT_OBJC_MSGSEND = YES;
				ENABLE_TESTABILITY = YES;
				GCC_C_LANGUAGE_STANDARD = gnu11;
				GCC_DYNAMIC_NO_PIC = NO;
				GCC_NO_COMMON_BLOCKS = YES;
				GCC_OPTIMIZATION_LEVEL = 0;
				GCC_PREPROCESSOR_DEFINITIONS = (
					"DEBUG=1",
					"$(inherited)",
				);
				GCC_WARN_64_TO_32_BIT_CONVERSION = YES;
				GCC_WARN_ABOUT_RETURN_TYPE = YES_ERROR;
				GCC_WARN_UNDECLARED_SELECTOR = YES;
				GCC_WARN_UNINITIALIZED_AUTOS = YES_AGGRESSIVE;
				GCC_WARN_UNUSED_FUNCTION = YES;
				GCC_WARN_UNUSED_VARIABLE = YES;
				MACOSX_DEPLOYMENT_TARGET = 10.14;
				MTL_ENABLE_DEBUG_INFO = INCLUDE_SOURCE;
				MTL_FAST_MATH = YES;
				ONLY_ACTIVE_ARCH = YES;
				SDKROOT = macosx;
			};
			name = Debug;
		};
		97A1B5F225FFA99200B58F11 /* Release */ = {
			isa = XCBuildConfiguration;
			buildSettings = {
				ALWAYS_SEARCH_USER_PATHS = NO;
				CLANG_ANALYZER_NONNULL = YES;
				CLANG_ANALYZER_NUMBER_OBJECT_CONVERSION = YES_AGGRESSIVE;
				CLANG_CXX_LANGUAGE_STANDARD = "gnu++14";
				CLANG_CXX_LIBRARY = "libc++";
				CLANG_ENABLE_MODULES = YES;
				CLANG_ENABLE_OBJC_ARC = YES;
				CLANG_ENABLE_OBJC_WEAK = YES;
				CLANG_WARN_BLOCK_CAPTURE_AUTORELEASING = YES;
				CLANG_WARN_BOOL_CONVERSION = YES;
				CLANG_WARN_COMMA = YES;
				CLANG_WARN_CONSTANT_CONVERSION = YES;
				CLANG_WARN_DEPRECATED_OBJC_IMPLEMENTATIONS = YES;
				CLANG_WARN_DIRECT_OBJC_ISA_USAGE = YES_ERROR;
				CLANG_WARN_DOCUMENTATION_COMMENTS = YES;
				CLANG_WARN_EMPTY_BODY = YES;
				CLANG_WARN_ENUM_CONVERSION = YES;
				CLANG_WARN_INFINITE_RECURSION = YES;
				CLANG_WARN_INT_CONVERSION = YES;
				CLANG_WARN_NON_LITERAL_NULL_CONVERSION = YES;
				CLANG_WARN_OBJC_IMPLICIT_RETAIN_SELF = YES;
				CLANG_WARN_OBJC_LITERAL_CONVERSION = YES;
				CLANG_WARN_OBJC_ROOT_CLASS = YES_ERROR;
				CLANG_WARN_RANGE_LOOP_ANALYSIS = YES;
				CLANG_WARN_STRICT_PROTOTYPES = YES;
				CLANG_WARN_SUSPICIOUS_MOVE = YES;
				CLANG_WARN_UNGUARDED_AVAILABILITY = YES_AGGRESSIVE;
				CLANG_WARN_UNREACHABLE_CODE = YES;
				CLANG_WARN__DUPLICATE_METHOD_MATCH = YES;
				COPY_PHASE_STRIP = NO;
				DEBUG_INFORMATION_FORMAT = "dwarf-with-dsym";
				ENABLE_NS_ASSERTIONS = NO;
				ENABLE_STRICT_OBJC_MSGSEND = YES;
				GCC_C_LANGUAGE_STANDARD = gnu11;
				GCC_NO_COMMON_BLOCKS = YES;
				GCC_WARN_64_TO_32_BIT_CONVERSION = YES;
				GCC_WARN_ABOUT_RETURN_TYPE = YES_ERROR;
				GCC_WARN_UNDECLARED_SELECTOR = YES;
				GCC_WARN_UNINITIALIZED_AUTOS = YES_AGGRESSIVE;
				GCC_WARN_UNUSED_FUNCTION = YES;
				GCC_WARN_UNUSED_VARIABLE = YES;
				MACOSX_DEPLOYMENT_TARGET = 10.14;
				MTL_ENABLE_DEBUG_INFO = NO;
				MTL_FAST_MATH = YES;
				SDKROOT = macosx;
			};
			name = Release;
		};
		97A1B5F425FFA99200B58F11 /* Debug */ = {
			isa = XCBuildConfiguration;
			buildSettings = {
				CODE_SIGN_STYLE = Automatic;
				PRODUCT_NAME = "$(TARGET_NAME)";
			};
			name = Debug;
		};
		97A1B5F525FFA99200B58F11 /* Release */ = {
			isa = XCBuildConfiguration;
			buildSettings = {
				CODE_SIGN_STYLE = Automatic;
				PRODUCT_NAME = "$(TARGET_NAME)";
			};
			name = Release;
		};
/* End XCBuildConfiguration section */

/* Begin XCConfigurationList section */
		97A1B5E725FFA99200B58F11 /* Build configuration list for PBXProject "libasm" */ = {
			isa = XCConfigurationList;
			buildConfigurations = (
				97A1B5F125FFA99200B58F11 /* Debug */,
				97A1B5F225FFA99200B58F11 /* Release */,
			);
			defaultConfigurationIsVisible = 0;
			defaultConfigurationName = Release;
		};
		97A1B5F325FFA99200B58F11 /* Build configuration list for PBXNativeTarget "libasm" */ = {
			isa = XCConfigurationList;
			buildConfigurations = (
				97A1B5F425FFA99200B58F11 /* Debug */,
				97A1B5F525FFA99200B58F11 /* Release */,
			);
			defaultConfigurationIsVisible = 0;
			defaultConfigurationName = Release;
		};
/* End XCConfigurationList section */
	};
	rootObject = 97A1B5E425FFA99200B58F11 /* Project object */;
}
